<Solution>
  <Folder Name="/Task0/">
    <Project Path="Tyuiu.Moskalev.Sprint0.Task0/Tyuiu.MoskalevSO.Sprint0.csproj" />
  </Folder>
  <Folder Name="/Task1/">
    <Project Path="Tyuiu.Moskalev.Sprint0.task1.V0/Tyuiu.MoskalevSO.Sprint0.task1.V0.csproj" />
  </Folder>
  <Folder Name="/Task2/">
    <Project Path="Tyuiu.MoskalevSO.Sprint0.Task0.V0.Lib/Tyuiu.MoskalevSO.Sprint0.Task2.V0.csproj" Id="eb52dc88-23de-4f0a-b2e4-8e153d46c3e9" />
    <Project Path="Tyuiu.MoskalevSO.Sprint0.Task2.V0.Lib/Tyuiu.MoskalevSO.Sprint0.Task2.V0.Lib.csproj" Id="9e13b988-fd4b-40bb-ad0a-ceca11b76387" />
    <Project Path="Tyuiu.MoskalevSO.Sprint0.Task2.V0.Test/Tyuiu.MoskalevSO.Sprint0.Task2.V0.Test.csproj" Id="637ccb51-340c-438d-999b-ded4943aa305" />
  </Folder>
</Solution>
