<Solution>
  <Folder Name="/Task0/">
    <Project Path="Tyuiu.Moskalev.Sprint0.Task0/Tyuiu.MoskalevSO.Sprint0.csproj" />
  </Folder>
  <Folder Name="/Task1/">
    <Project Path="Tyuiu.Moskalev.Sprint0.task1.V0/Tyuiu.MoskalevSO.Sprint0.task1.V0.csproj" />
  </Folder>
  <Folder Name="/Task2/">
    <Project Path="Tyuiu.MoskalevSO.Sprint0.Task0.V0.Lib/Tyuiu.MoskalevSO.Sprint0.Task2.V0.csproj" Id="eb52dc88-23de-4f0a-b2e4-8e153d46c3e9" />
    <Project Path="Tyuiu.MoskalevSO.Sprint0.Task2.V0.Lib/Tyuiu.MoskalevSO.Sprint0.Task2.V0.Lib.csproj" Id="9e13b988-fd4b-40bb-ad0a-ceca11b76387" />
    <Project Path="Tyuiu.MoskalevSO.Sprint0.Task2.V0.Test/Tyuiu.MoskalevSO.Sprint0.Task2.V0.Test.csproj" Id="637ccb51-340c-438d-999b-ded4943aa305" />
  </Folder>
  <Folder Name="/Task3/">
    <Project Path="Tyuiu.MoskalevSO.Sprint0.Task3.V0.Lib/Tyuiu.MoskalevSO.Sprint0.Task3.V0.Lib.csproj" Id="5c9b7d7a-a1d9-4f0c-9750-ae6f1fe2f41f" />
    <Project Path="Tyuiu.MoskalevSO.Sprint0.Task3.V0.Test/Tyuiu.MoskalevSO.Sprint0.Task3.V0.Test.csproj" Id="d289868d-2458-40c2-a78c-894f3c9fda75" />
    <Project Path="Tyuiu.MoskalevSO.Sprint0.Task3.V0/Tyuiu.MoskalevSO.Sprint0.Task3.V0.csproj" Id="a147e640-6bd7-408b-9d81-8822e3e5c38e" />
  </Folder>
  <Folder Name="/Task4/">
    <Project Path="Tyuiu.MoskalevSO.Sprint0.Task4.V0.Lin/Tyuiu.MoskalevSO.Sprint0.Task4.V0.Lib.csproj" Id="7c7a0736-b681-497d-8597-c56ea0b47714" />
    <Project Path="Tyuiu.MoskalevSO.Sprint0.Task4.V0.Test/Tyuiu.MoskalevSO.Sprint0.Task4.V0.Test.csproj" Id="9b481c03-2048-4752-9c64-07fa8d0804d2" />
    <Project Path="Tyuiu.MoskalevSO.Sprint0.Task4.V01/Tyuiu.MoskalevSO.Sprint0.Task4.V0.csproj" Id="46e285be-0f97-4e2d-a11c-201abfa9e6b8" />
  </Folder>
  <Folder Name="/Task5/">
    <Project Path="Tyuiu.MoskalevSO.Sprint0.Task5.V0.Lib/Tyuiu.MoskalevSO.Sprint0.Task5.V0.Lib.csproj" Id="f653f48a-29ce-4583-b77c-2538bec5b310" />
    <Project Path="Tyuiu.MoskalevSO.Sprint0.Task5.V0.Test/Tyuiu.MoskalevSO.Sprint0.Task5.V0.Test.csproj" Id="0bbb8e2b-3afd-4a9f-b619-59c6deb29371" />
    <Project Path="Tyuiu.MoskalevSO.Sprint0.Task5.V0/Tyuiu.MoskalevSO.Sprint0.Task5.V0.csproj" Id="214b6860-80d3-4351-838f-031926285aae" />
  </Folder>
  <Folder Name="/Task6/">
    <Project Path="Tyuiu.MoskalevSO.Sprint0.Task6.V0.Lib/Tyuiu.MoskalevSO.Sprint0.Task6.V0.Lib.csproj" Id="21f54919-c1c8-4626-9eca-3ec6427289b2" />
    <Project Path="Tyuiu.MoskalevSO.Sprint0.Task6.V0.Test/Tyuiu.MoskalevSO.Sprint0.Task6.V0.Test.csproj" Id="623c9e4f-238f-45cb-85f5-4a138b9932ec" />
    <Project Path="Tyuiu.MoskalevSO.Sprint0.Task6.V0/Tyuiu.MoskalevSO.Sprint0.Task6.V0.csproj" Id="48edef54-f821-4a4c-bc7c-ea1983d3c00f" />
  </Folder>
</Solution>
